// !$*UTF8*$!
{
	archiveVersion = 1;
	classes = {
	};
	objectVersion = 50;
	objects = {

/* Begin PBXBuildFile section */
		13AA7F99210107CA0076EE06 /* reactive_swift.framework in Frameworks */ = {isa = PBXBuildFile; fileRef = 13AA7F8F210107CA0076EE06 /* reactive_swift.framework */; };
		13AA7F9E210107CA0076EE06 /* reactive_swiftTests.swift in Sources */ = {isa = PBXBuildFile; fileRef = 13AA7F9D210107CA0076EE06 /* reactive_swiftTests.swift */; };
		13AA7FA0210107CA0076EE06 /* reactive_swift.h in Headers */ = {isa = PBXBuildFile; fileRef = 13AA7F92210107CA0076EE06 /* reactive_swift.h */; settings = {ATTRIBUTES = (Public, ); }; };
		13AA7FAB210108470076EE06 /* Reactive.swift in Sources */ = {isa = PBXBuildFile; fileRef = 13AA7FAA210108470076EE06 /* Reactive.swift */; };
/* End PBXBuildFile section */

/* Begin PBXContainerItemProxy section */
		13AA7F9A210107CA0076EE06 /* PBXContainerItemProxy */ = {
			isa = PBXContainerItemProxy;
			containerPortal = 13AA7F86210107CA0076EE06 /* Project object */;
			proxyType = 1;
			remoteGlobalIDString = 13AA7F8E210107CA0076EE06;
			remoteInfo = reactive_swift;
		};
/* End PBXContainerItemProxy section */

/* Begin PBXFileReference section */
		13AA7F8F210107CA0076EE06 /* reactive_swift.framework */ = {isa = PBXFileReference; explicitFileType = wrapper.framework; includeInIndex = 0; path = reactive_swift.framework; sourceTree = BUILT_PRODUCTS_DIR; };
		13AA7F92210107CA0076EE06 /* reactive_swift.h */ = {isa = PBXFileReference; lastKnownFileType = sourcecode.c.h; path = reactive_swift.h; sourceTree = "<group>"; };
		13AA7F93210107CA0076EE06 /* Info.plist */ = {isa = PBXFileReference; lastKnownFileType = text.plist.xml; path = Info.plist; sourceTree = "<group>"; };
		13AA7F98210107CA0076EE06 /* reactive_swiftTests.xctest */ = {isa = PBXFileReference; explicitFileType = wrapper.cfbundle; includeInIndex = 0; path = reactive_swiftTests.xctest; sourceTree = BUILT_PRODUCTS_DIR; };
		13AA7F9D210107CA0076EE06 /* reactive_swiftTests.swift */ = {isa = PBXFileReference; lastKnownFileType = sourcecode.swift; path = reactive_swiftTests.swift; sourceTree = "<group>"; };
		13AA7F9F210107CA0076EE06 /* Info.plist */ = {isa = PBXFileReference; lastKnownFileType = text.plist.xml; path = Info.plist; sourceTree = "<group>"; };
		13AA7FAA210108470076EE06 /* Reactive.swift */ = {isa = PBXFileReference; lastKnownFileType = sourcecode.swift; path = Reactive.swift; sourceTree = "<group>"; };
/* End PBXFileReference section */

/* Begin PBXFrameworksBuildPhase section */
		13AA7F8B210107CA0076EE06 /* Frameworks */ = {
			isa = PBXFrameworksBuildPhase;
			buildActionMask = 2147483647;
			files = (
			);
			runOnlyForDeploymentPostprocessing = 0;
		};
		13AA7F95210107CA0076EE06 /* Frameworks */ = {
			isa = PBXFrameworksBuildPhase;
			buildActionMask = 2147483647;
			files = (
				13AA7F99210107CA0076EE06 /* reactive_swift.framework in Frameworks */,
			);
			runOnlyForDeploymentPostprocessing = 0;
		};
/* End PBXFrameworksBuildPhase section */

/* Begin PBXGroup section */
		13AA7F85210107CA0076EE06 = {
			isa = PBXGroup;
			children = (
				13AA7F91210107CA0076EE06 /* reactive_swift */,
				13AA7F9C210107CA0076EE06 /* reactive_swiftTests */,
				13AA7F90210107CA0076EE06 /* Products */,
			);
			sourceTree = "<group>";
		};
		13AA7F90210107CA0076EE06 /* Products */ = {
			isa = PBXGroup;
			children = (
				13AA7F8F210107CA0076EE06 /* reactive_swift.framework */,
				13AA7F98210107CA0076EE06 /* reactive_swiftTests.xctest */,
			);
			name = Products;
			sourceTree = "<group>";
		};
		13AA7F91210107CA0076EE06 /* reactive_swift */ = {
			isa = PBXGroup;
			children = (
				13AA7FA9210108320076EE06 /* Reactive */,
				13AA7F92210107CA0076EE06 /* reactive_swift.h */,
				13AA7F93210107CA0076EE06 /* Info.plist */,
			);
			path = reactive_swift;
			sourceTree = "<group>";
		};
		13AA7F9C210107CA0076EE06 /* reactive_swiftTests */ = {
			isa = PBXGroup;
			children = (
				13AA7F9D210107CA0076EE06 /* reactive_swiftTests.swift */,
				13AA7F9F210107CA0076EE06 /* Info.plist */,
			);
			path = reactive_swiftTests;
			sourceTree = "<group>";
		};
		13AA7FA9210108320076EE06 /* Reactive */ = {
			isa = PBXGroup;
			children = (
				13AA7FAA210108470076EE06 /* Reactive.swift */,
			);
			path = Reactive;
			sourceTree = "<group>";
		};
/* End PBXGroup section */

/* Begin PBXHeadersBuildPhase section */
		13AA7F8C210107CA0076EE06 /* Headers */ = {
			isa = PBXHeadersBuildPhase;
			buildActionMask = 2147483647;
			files = (
				13AA7FA0210107CA0076EE06 /* reactive_swift.h in Headers */,
			);
			runOnlyForDeploymentPostprocessing = 0;
		};
/* End PBXHeadersBuildPhase section */

/* Begin PBXNativeTarget section */
		13AA7F8E210107CA0076EE06 /* reactive_swift */ = {
			isa = PBXNativeTarget;
			buildConfigurationList = 13AA7FA3210107CA0076EE06 /* Build configuration list for PBXNativeTarget "reactive_swift" */;
			buildPhases = (
				13AA7F8A210107CA0076EE06 /* Sources */,
				13AA7F8B210107CA0076EE06 /* Frameworks */,
				13AA7F8C210107CA0076EE06 /* Headers */,
				13AA7F8D210107CA0076EE06 /* Resources */,
			);
			buildRules = (
			);
			dependencies = (
			);
			name = reactive_swift;
			productName = reactive_swift;
			productReference = 13AA7F8F210107CA0076EE06 /* reactive_swift.framework */;
			productType = "com.apple.product-type.framework";
		};
		13AA7F97210107CA0076EE06 /* reactive_swiftTests */ = {
			isa = PBXNativeTarget;
			buildConfigurationList = 13AA7FA6210107CA0076EE06 /* Build configuration list for PBXNativeTarget "reactive_swiftTests" */;
			buildPhases = (
				13AA7F94210107CA0076EE06 /* Sources */,
				13AA7F95210107CA0076EE06 /* Frameworks */,
				13AA7F96210107CA0076EE06 /* Resources */,
			);
			buildRules = (
			);
			dependencies = (
				13AA7F9B210107CA0076EE06 /* PBXTargetDependency */,
			);
			name = reactive_swiftTests;
			productName = reactive_swiftTests;
			productReference = 13AA7F98210107CA0076EE06 /* reactive_swiftTests.xctest */;
			productType = "com.apple.product-type.bundle.unit-test";
		};
/* End PBXNativeTarget section */

/* Begin PBXProject section */
		13AA7F86210107CA0076EE06 /* Project object */ = {
			isa = PBXProject;
			attributes = {
				LastSwiftUpdateCheck = 0940;
				LastUpgradeCheck = 0940;
				ORGANIZATIONNAME = "GameBable Inc, Ltd.";
				TargetAttributes = {
					13AA7F8E210107CA0076EE06 = {
						CreatedOnToolsVersion = 9.4.1;
						LastSwiftMigration = 0940;
					};
					13AA7F97210107CA0076EE06 = {
						CreatedOnToolsVersion = 9.4.1;
					};
				};
			};
			buildConfigurationList = 13AA7F89210107CA0076EE06 /* Build configuration list for PBXProject "reactive_swift" */;
			compatibilityVersion = "Xcode 9.3";
			developmentRegion = en;
			hasScannedForEncodings = 0;
			knownRegions = (
				en,
			);
			mainGroup = 13AA7F85210107CA0076EE06;
			productRefGroup = 13AA7F90210107CA0076EE06 /* Products */;
			projectDirPath = "";
			projectRoot = "";
			targets = (
				13AA7F8E210107CA0076EE06 /* reactive_swift */,
				13AA7F97210107CA0076EE06 /* reactive_swiftTests */,
			);
		};
/* End PBXProject section */

/* Begin PBXResourcesBuildPhase section */
		13AA7F8D210107CA0076EE06 /* Resources */ = {
			isa = PBXResourcesBuildPhase;
			buildActionMask = 2147483647;
			files = (
			);
			runOnlyForDeploymentPostprocessing = 0;
		};
		13AA7F96210107CA0076EE06 /* Resources */ = {
			isa = PBXResourcesBuildPhase;
			buildActionMask = 2147483647;
			files = (
			);
			runOnlyForDeploymentPostprocessing = 0;
		};
/* End PBXResourcesBuildPhase section */

/* Begin PBXSourcesBuildPhase section */
		13AA7F8A210107CA0076EE06 /* Sources */ = {
			isa = PBXSourcesBuildPhase;
			buildActionMask = 2147483647;
			files = (
				13AA7FAB210108470076EE06 /* Reactive.swift in Sources */,
			);
			runOnlyForDeploymentPostprocessing = 0;
		};
		13AA7F94210107CA0076EE06 /* Sources */ = {
			isa = PBXSourcesBuildPhase;
			buildActionMask = 2147483647;
			files = (
				13AA7F9E210107CA0076EE06 /* reactive_swiftTests.swift in Sources */,
			);
			runOnlyForDeploymentPostprocessing = 0;
		};
/* End PBXSourcesBuildPhase section */

/* Begin PBXTargetDependency section */
		13AA7F9B210107CA0076EE06 /* PBXTargetDependency */ = {
			isa = PBXTargetDependency;
			target = 13AA7F8E210107CA0076EE06 /* reactive_swift */;
			targetProxy = 13AA7F9A210107CA0076EE06 /* PBXContainerItemProxy */;
		};
/* End PBXTargetDependency section */

/* Begin XCBuildConfiguration section */
		13AA7FA1210107CA0076EE06 /* Debug */ = {
			isa = XCBuildConfiguration;
			buildSettings = {
				ALWAYS_SEARCH_USER_PATHS = NO;
				CLANG_ANALYZER_NONNULL = YES;
				CLANG_ANALYZER_NUMBER_OBJECT_CONVERSION = YES_AGGRESSIVE;
				CLANG_CXX_LANGUAGE_STANDARD = "gnu++14";
				CLANG_CXX_LIBRARY = "libc++";
				CLANG_ENABLE_MODULES = YES;
				CLANG_ENABLE_OBJC_ARC = YES;
				CLANG_ENABLE_OBJC_WEAK = YES;
				CLANG_WARN_BLOCK_CAPTURE_AUTORELEASING = YES;
				CLANG_WARN_BOOL_CONVERSION = YES;
				CLANG_WARN_COMMA = YES;
				CLANG_WARN_CONSTANT_CONVERSION = YES;
				CLANG_WARN_DEPRECATED_OBJC_IMPLEMENTATIONS = YES;
				CLANG_WARN_DIRECT_OBJC_ISA_USAGE = YES_ERROR;
				CLANG_WARN_DOCUMENTATION_COMMENTS = YES;
				CLANG_WARN_EMPTY_BODY = YES;
				CLANG_WARN_ENUM_CONVERSION = YES;
				CLANG_WARN_INFINITE_RECURSION = YES;
				CLANG_WARN_INT_CONVERSION = YES;
				CLANG_WARN_NON_LITERAL_NULL_CONVERSION = YES;
				CLANG_WARN_OBJC_IMPLICIT_RETAIN_SELF = YES;
				CLANG_WARN_OBJC_LITERAL_CONVERSION = YES;
				CLANG_WARN_OBJC_ROOT_CLASS = YES_ERROR;
				CLANG_WARN_RANGE_LOOP_ANALYSIS = YES;
				CLANG_WARN_STRICT_PROTOTYPES = YES;
				CLANG_WARN_SUSPICIOUS_MOVE = YES;
				CLANG_WARN_UNGUARDED_AVAILABILITY = YES_AGGRESSIVE;
				CLANG_WARN_UNREACHABLE_CODE = YES;
				CLANG_WARN__DUPLICATE_METHOD_MATCH = YES;
				CODE_SIGN_IDENTITY = "iPhone Developer";
				COPY_PHASE_STRIP = NO;
				CURRENT_PROJECT_VERSION = 1;
				DEBUG_INFORMATION_FORMAT = dwarf;
				ENABLE_STRICT_OBJC_MSGSEND = YES;
				ENABLE_TESTABILITY = YES;
				GCC_C_LANGUAGE_STANDARD = gnu11;
				GCC_DYNAMIC_NO_PIC = NO;
				GCC_NO_COMMON_BLOCKS = YES;
				GCC_OPTIMIZATION_LEVEL = 0;
				GCC_PREPROCESSOR_DEFINITIONS = (
					"DEBUG=1",
					"$(inherited)",
				);
				GCC_WARN_64_TO_32_BIT_CONVERSION = YES;
				GCC_WARN_ABOUT_RETURN_TYPE = YES_ERROR;
				GCC_WARN_UNDECLARED_SELECTOR = YES;
				GCC_WARN_UNINITIALIZED_AUTOS = YES_AGGRESSIVE;
				GCC_WARN_UNUSED_FUNCTION = YES;
				GCC_WARN_UNUSED_VARIABLE = YES;
				IPHONEOS_DEPLOYMENT_TARGET = 11.4;
				MTL_ENABLE_DEBUG_INFO = YES;
				ONLY_ACTIVE_ARCH = YES;
				SDKROOT = iphoneos;
				SWIFT_ACTIVE_COMPILATION_CONDITIONS = DEBUG;
				SWIFT_OPTIMIZATION_LEVEL = "-Onone";
				VERSIONING_SYSTEM = "apple-generic";
				VERSION_INFO_PREFIX = "";
			};
			name = Debug;
		};
		13AA7FA2210107CA0076EE06 /* Release */ = {
			isa = XCBuildConfiguration;
			buildSettings = {
				ALWAYS_SEARCH_USER_PATHS = NO;
				CLANG_ANALYZER_NONNULL = YES;
				CLANG_ANALYZER_NUMBER_OBJECT_CONVERSION = YES_AGGRESSIVE;
				CLANG_CXX_LANGUAGE_STANDARD = "gnu++14";
				CLANG_CXX_LIBRARY = "libc++";
				CLANG_ENABLE_MODULES = YES;
				CLANG_ENABLE_OBJC_ARC = YES;
				CLANG_ENABLE_OBJC_WEAK = YES;
				CLANG_WARN_BLOCK_CAPTURE_AUTORELEASING = YES;
				CLANG_WARN_BOOL_CONVERSION = YES;
				CLANG_WARN_COMMA = YES;
				CLANG_WARN_CONSTANT_CONVERSION = YES;
				CLANG_WARN_DEPRECATED_OBJC_IMPLEMENTATIONS = YES;
				CLANG_WARN_DIRECT_OBJC_ISA_USAGE = YES_ERROR;
				CLANG_WARN_DOCUMENTATION_COMMENTS = YES;
				CLANG_WARN_EMPTY_BODY = YES;
				CLANG_WARN_ENUM_CONVERSION = YES;
				CLANG_WARN_INFINITE_RECURSION = YES;
				CLANG_WARN_INT_CONVERSION = YES;
				CLANG_WARN_NON_LITERAL_NULL_CONVERSION = YES;
				CLANG_WARN_OBJC_IMPLICIT_RETAIN_SELF = YES;
				CLANG_WARN_OBJC_LITERAL_CONVERSION = YES;
				CLANG_WARN_OBJC_ROOT_CLASS = YES_ERROR;
				CLANG_WARN_RANGE_LOOP_ANALYSIS = YES;
				CLANG_WARN_STRICT_PROTOTYPES = YES;
				CLANG_WARN_SUSPICIOUS_MOVE = YES;
				CLANG_WARN_UNGUARDED_AVAILABILITY = YES_AGGRESSIVE;
				CLANG_WARN_UNREACHABLE_CODE = YES;
				CLANG_WARN__DUPLICATE_METHOD_MATCH = YES;
				CODE_SIGN_IDENTITY = "iPhone Developer";
				COPY_PHASE_STRIP = NO;
				CURRENT_PROJECT_VERSION = 1;
				DEBUG_INFORMATION_FORMAT = "dwarf-with-dsym";
				ENABLE_NS_ASSERTIONS = NO;
				ENABLE_STRICT_OBJC_MSGSEND = YES;
				GCC_C_LANGUAGE_STANDARD = gnu11;
				GCC_NO_COMMON_BLOCKS = YES;
				GCC_WARN_64_TO_32_BIT_CONVERSION = YES;
				GCC_WARN_ABOUT_RETURN_TYPE = YES_ERROR;
				GCC_WARN_UNDECLARED_SELECTOR = YES;
				GCC_WARN_UNINITIALIZED_AUTOS = YES_AGGRESSIVE;
				GCC_WARN_UNUSED_FUNCTION = YES;
				GCC_WARN_UNUSED_VARIABLE = YES;
				IPHONEOS_DEPLOYMENT_TARGET = 11.4;
				MTL_ENABLE_DEBUG_INFO = NO;
				SDKROOT = iphoneos;
				SWIFT_COMPILATION_MODE = wholemodule;
				SWIFT_OPTIMIZATION_LEVEL = "-O";
				VALIDATE_PRODUCT = YES;
				VERSIONING_SYSTEM = "apple-generic";
				VERSION_INFO_PREFIX = "";
			};
			name = Release;
		};
		13AA7FA4210107CA0076EE06 /* Debug */ = {
			isa = XCBuildConfiguration;
			buildSettings = {
				CLANG_ENABLE_MODULES = YES;
				CODE_SIGN_IDENTITY = "";
				CODE_SIGN_STYLE = Automatic;
				DEFINES_MODULE = YES;
				DEVELOPMENT_TEAM = 78ZP32GK3R;
				DYLIB_COMPATIBILITY_VERSION = 1;
				DYLIB_CURRENT_VERSION = 1;
				DYLIB_INSTALL_NAME_BASE = "@rpath";
				INFOPLIST_FILE = reactive_swift/Info.plist;
				INSTALL_PATH = "$(LOCAL_LIBRARY_DIR)/Frameworks";
				LD_RUNPATH_SEARCH_PATHS = (
					"$(inherited)",
					"@executable_path/Frameworks",
					"@loader_path/Frameworks",
				);
				PRODUCT_BUNDLE_IDENTIFIER = "com.gamebable.reactive-swift";
				PRODUCT_NAME = "$(TARGET_NAME:c99extidentifier)";
				SKIP_INSTALL = YES;
				SWIFT_OPTIMIZATION_LEVEL = "-Onone";
				SWIFT_VERSION = 4.0;
				TARGETED_DEVICE_FAMILY = "1,2";
			};
			name = Debug;
		};
		13AA7FA5210107CA0076EE06 /* Release */ = {
			isa = XCBuildConfiguration;
			buildSettings = {
				CLANG_ENABLE_MODULES = YES;
				CODE_SIGN_IDENTITY = "";
				CODE_SIGN_STYLE = Automatic;
				DEFINES_MODULE = YES;
				DEVELOPMENT_TEAM = 78ZP32GK3R;
				DYLIB_COMPATIBILITY_VERSION = 1;
				DYLIB_CURRENT_VERSION = 1;
				DYLIB_INSTALL_NAME_BASE = "@rpath";
				INFOPLIST_FILE = reactive_swift/Info.plist;
				INSTALL_PATH = "$(LOCAL_LIBRARY_DIR)/Frameworks";
				LD_RUNPATH_SEARCH_PATHS = (
					"$(inherited)",
					"@executable_path/Frameworks",
					"@loader_path/Frameworks",
				);
				PRODUCT_BUNDLE_IDENTIFIER = "com.gamebable.reactive-swift";
				PRODUCT_NAME = "$(TARGET_NAME:c99extidentifier)";
				SKIP_INSTALL = YES;
				SWIFT_VERSION = 4.0;
				TARGETED_DEVICE_FAMILY = "1,2";
			};
			name = Release;
		};
		13AA7FA7210107CA0076EE06 /* Debug */ = {
			isa = XCBuildConfiguration;
			buildSettings = {
				ALWAYS_EMBED_SWIFT_STANDARD_LIBRARIES = YES;
				CODE_SIGN_STYLE = Automatic;
				DEVELOPMENT_TEAM = 78ZP32GK3R;
				INFOPLIST_FILE = reactive_swiftTests/Info.plist;
				LD_RUNPATH_SEARCH_PATHS = (
					"$(inherited)",
					"@executable_path/Frameworks",
					"@loader_path/Frameworks",
				);
				PRODUCT_BUNDLE_IDENTIFIER = "com.gamebable.reactive-swiftTests";
				PRODUCT_NAME = "$(TARGET_NAME)";
				SWIFT_VERSION = 4.0;
				TARGETED_DEVICE_FAMILY = "1,2";
			};
			name = Debug;
		};
		13AA7FA8210107CA0076EE06 /* Release */ = {
			isa = XCBuildConfiguration;
			buildSettings = {
				ALWAYS_EMBED_SWIFT_STANDARD_LIBRARIES = YES;
				CODE_SIGN_STYLE = Automatic;
				DEVELOPMENT_TEAM = 78ZP32GK3R;
				INFOPLIST_FILE = reactive_swiftTests/Info.plist;
				LD_RUNPATH_SEARCH_PATHS = (
					"$(inherited)",
					"@executable_path/Frameworks",
					"@loader_path/Frameworks",
				);
				PRODUCT_BUNDLE_IDENTIFIER = "com.gamebable.reactive-swiftTests";
				PRODUCT_NAME = "$(TARGET_NAME)";
				SWIFT_VERSION = 4.0;
				TARGETED_DEVICE_FAMILY = "1,2";
			};
			name = Release;
		};
/* End XCBuildConfiguration section */

/* Begin XCConfigurationList section */
		13AA7F89210107CA0076EE06 /* Build configuration list for PBXProject "reactive_swift" */ = {
			isa = XCConfigurationList;
			buildConfigurations = (
				13AA7FA1210107CA0076EE06 /* Debug */,
				13AA7FA2210107CA0076EE06 /* Release */,
			);
			defaultConfigurationIsVisible = 0;
			defaultConfigurationName = Release;
		};
		13AA7FA3210107CA0076EE06 /* Build configuration list for PBXNativeTarget "reactive_swift" */ = {
			isa = XCConfigurationList;
			buildConfigurations = (
				13AA7FA4210107CA0076EE06 /* Debug */,
				13AA7FA5210107CA0076EE06 /* Release */,
			);
			defaultConfigurationIsVisible = 0;
			defaultConfigurationName = Release;
		};
		13AA7FA6210107CA0076EE06 /* Build configuration list for PBXNativeTarget "reactive_swiftTests" */ = {
			isa = XCConfigurationList;
			buildConfigurations = (
				13AA7FA7210107CA0076EE06 /* Debug */,
				13AA7FA8210107CA0076EE06 /* Release */,
			);
			defaultConfigurationIsVisible = 0;
			defaultConfigurationName = Release;
		};
/* End XCConfigurationList section */
	};
	rootObject = 13AA7F86210107CA0076EE06 /* Project object */;
}
